
Microsoft Visual Studio Solution File, Format Version 12.00
# Visual Studio Version 16
VisualStudioVersion = 16.0.30011.22
MinimumVisualStudioVersion = 10.0.40219.1
Project("{FAE04EC0-301F-11D3-BF4B-00C04F79EFBC}") = "LabGrilla", "LabGrilla\LabGrilla.csproj", "{2A3AC8D3-C3F3-4FDC-A23A-C29CEFD7CD6D}"
EndProject
Project("{FAE04EC0-301F-11D3-BF4B-00C04F79EFBC}") = "Negocio", "Negocio\Negocio.csproj", "{0B1A117A-B964-4D76-ADF1-A25E863E2D95}"
EndProject
Global
	GlobalSection(SolutionConfigurationPlatforms) = preSolution
		Debug|Any CPU = Debug|Any CPU
		Release|Any CPU = Release|Any CPU
	EndGlobalSection
	GlobalSection(ProjectConfigurationPlatforms) = postSolution
		{2A3AC8D3-C3F3-4FDC-A23A-C29CEFD7CD6D}.Debug|Any CPU.ActiveCfg = Debug|Any CPU
		{2A3AC8D3-C3F3-4FDC-A23A-C29CEFD7CD6D}.Debug|Any CPU.Build.0 = Debug|Any CPU
		{2A3AC8D3-C3F3-4FDC-A23A-C29CEFD7CD6D}.Release|Any CPU.ActiveCfg = Release|Any CPU
		{2A3AC8D3-C3F3-4FDC-A23A-C29CEFD7CD6D}.Release|Any CPU.Build.0 = Release|Any CPU
		{0B1A117A-B964-4D76-ADF1-A25E863E2D95}.Debug|Any CPU.ActiveCfg = Debug|Any CPU
		{0B1A117A-B964-4D76-ADF1-A25E863E2D95}.Debug|Any CPU.Build.0 = Debug|Any CPU
		{0B1A117A-B964-4D76-ADF1-A25E863E2D95}.Release|Any CPU.ActiveCfg = Release|Any CPU
		{0B1A117A-B964-4D76-ADF1-A25E863E2D95}.Release|Any CPU.Build.0 = Release|Any CPU
	EndGlobalSection
	GlobalSection(SolutionProperties) = preSolution
		HideSolutionNode = FALSE
	EndGlobalSection
	GlobalSection(ExtensibilityGlobals) = postSolution
		SolutionGuid = {95459743-AA0B-47B0-A48E-538DBAD2EEDE}
	EndGlobalSection
EndGlobal
